
Microsoft Visual Studio Solution File, Format Version 12.00
# Visual Studio Version 16
VisualStudioVersion = 16.0.30011.22
MinimumVisualStudioVersion = 10.0.40219.1
Project("{FAE04EC0-301F-11D3-BF4B-00C04F79EFBC}") = "Lab 12 Class UML VK GC April 2020 5-6-2020", "Lab 12 Class UML VK GC April 2020 5-6-2020\Lab 12 Class UML VK GC April 2020 5-6-2020.csproj", "{4806AF93-95DD-4C31-BAC9-12477EFB94B7}"
EndProject
Global
	GlobalSection(SolutionConfigurationPlatforms) = preSolution
		Debug|Any CPU = Debug|Any CPU
		Release|Any CPU = Release|Any CPU
	EndGlobalSection
	GlobalSection(ProjectConfigurationPlatforms) = postSolution
		{4806AF93-95DD-4C31-BAC9-12477EFB94B7}.Debug|Any CPU.ActiveCfg = Debug|Any CPU
		{4806AF93-95DD-4C31-BAC9-12477EFB94B7}.Debug|Any CPU.Build.0 = Debug|Any CPU
		{4806AF93-95DD-4C31-BAC9-12477EFB94B7}.Release|Any CPU.ActiveCfg = Release|Any CPU
		{4806AF93-95DD-4C31-BAC9-12477EFB94B7}.Release|Any CPU.Build.0 = Release|Any CPU
	EndGlobalSection
	GlobalSection(SolutionProperties) = preSolution
		HideSolutionNode = FALSE
	EndGlobalSection
	GlobalSection(ExtensibilityGlobals) = postSolution
		SolutionGuid = {857C366D-A207-432E-A0DD-D8BA8B908C5B}
	EndGlobalSection
EndGlobal
